
Microsoft Visual Studio Solution File, Format Version 12.00
# Visual Studio Version 16
VisualStudioVersion = 16.0.33214.272
MinimumVisualStudioVersion = 10.0.40219.1
Project("{FAE04EC0-301F-11D3-BF4B-00C04F79EFBC}") = "Mission3", "Mission3\Mission3.csproj", "{99DCF534-0B79-47C7-ABD6-80A6FBDDE9C3}"
EndProject
Global
	GlobalSection(SolutionConfigurationPlatforms) = preSolution
		Debug|Any CPU = Debug|Any CPU
		Release|Any CPU = Release|Any CPU
	EndGlobalSection
	GlobalSection(ProjectConfigurationPlatforms) = postSolution
		{99DCF534-0B79-47C7-ABD6-80A6FBDDE9C3}.Debug|Any CPU.ActiveCfg = Debug|Any CPU
		{99DCF534-0B79-47C7-ABD6-80A6FBDDE9C3}.Debug|Any CPU.Build.0 = Debug|Any CPU
		{99DCF534-0B79-47C7-ABD6-80A6FBDDE9C3}.Release|Any CPU.ActiveCfg = Release|Any CPU
		{99DCF534-0B79-47C7-ABD6-80A6FBDDE9C3}.Release|Any CPU.Build.0 = Release|Any CPU
	EndGlobalSection
	GlobalSection(SolutionProperties) = preSolution
		HideSolutionNode = FALSE
	EndGlobalSection
	GlobalSection(ExtensibilityGlobals) = postSolution
		SolutionGuid = {CAFEFB50-3F1C-4DD2-A969-FE279839CAA2}
	EndGlobalSection
EndGlobal
